
Microsoft Visual Studio Solution File, Format Version 12.00
# Visual Studio Version 17
VisualStudioVersion = 17.0.31903.59
MinimumVisualStudioVersion = 10.0.40219.1
Project("{FAE04EC0-301F-11D3-BF4B-00C04F79EFBC}") = "focus-flow.API", "focus-flow.API\focus-flow.API.csproj", "{13140343-99CA-4F25-B5CC-27F69B171A82}"
EndProject
Project("{FAE04EC0-301F-11D3-BF4B-00C04F79EFBC}") = "focus-flow.Client", "focus-flow.Client\focus-flow.Client.csproj", "{3DDD7A88-34C5-4813-BA3C-DB2A8B6F3EF4}"
EndProject
Project("{FAE04EC0-301F-11D3-BF4B-00C04F79EFBC}") = "focus-flow.Shared", "focus-flow.Shared\focus-flow.Shared.csproj", "{98D39F6B-3863-44FD-83B9-1BF0DC81BC51}"
EndProject
Global
	GlobalSection(SolutionConfigurationPlatforms) = preSolution
		Debug|Any CPU = Debug|Any CPU
		Release|Any CPU = Release|Any CPU
	EndGlobalSection
	GlobalSection(SolutionProperties) = preSolution
		HideSolutionNode = FALSE
	EndGlobalSection
	GlobalSection(ProjectConfigurationPlatforms) = postSolution
		{13140343-99CA-4F25-B5CC-27F69B171A82}.Debug|Any CPU.ActiveCfg = Debug|Any CPU
		{13140343-99CA-4F25-B5CC-27F69B171A82}.Debug|Any CPU.Build.0 = Debug|Any CPU
		{13140343-99CA-4F25-B5CC-27F69B171A82}.Release|Any CPU.ActiveCfg = Release|Any CPU
		{13140343-99CA-4F25-B5CC-27F69B171A82}.Release|Any CPU.Build.0 = Release|Any CPU
		{3DDD7A88-34C5-4813-BA3C-DB2A8B6F3EF4}.Debug|Any CPU.ActiveCfg = Debug|Any CPU
		{3DDD7A88-34C5-4813-BA3C-DB2A8B6F3EF4}.Debug|Any CPU.Build.0 = Debug|Any CPU
		{3DDD7A88-34C5-4813-BA3C-DB2A8B6F3EF4}.Release|Any CPU.ActiveCfg = Release|Any CPU
		{3DDD7A88-34C5-4813-BA3C-DB2A8B6F3EF4}.Release|Any CPU.Build.0 = Release|Any CPU
		{98D39F6B-3863-44FD-83B9-1BF0DC81BC51}.Debug|Any CPU.ActiveCfg = Debug|Any CPU
		{98D39F6B-3863-44FD-83B9-1BF0DC81BC51}.Debug|Any CPU.Build.0 = Debug|Any CPU
		{98D39F6B-3863-44FD-83B9-1BF0DC81BC51}.Release|Any CPU.ActiveCfg = Release|Any CPU
		{98D39F6B-3863-44FD-83B9-1BF0DC81BC51}.Release|Any CPU.Build.0 = Release|Any CPU
	EndGlobalSection
EndGlobal
